
Microsoft Visual Studio Solution File, Format Version 12.00
# Visual Studio 15
VisualStudioVersion = 15.0.26228.4
MinimumVisualStudioVersion = 10.0.40219.1
Project("{FAE04EC0-301F-11D3-BF4B-00C04F79EFBC}") = "SysInfoChanger", "SysInfoChanger\SysInfoChanger.csproj", "{791E8E7E-355D-4314-AC16-B42EE6A8544C}"
	ProjectSection(ProjectDependencies) = postProject
		{12EFA62D-10AE-46D0-8635-5081E459E70A} = {12EFA62D-10AE-46D0-8635-5081E459E70A}
	EndProjectSection
EndProject
Project("{FAE04EC0-301F-11D3-BF4B-00C04F79EFBC}") = "SIC", "SIC\SIC.csproj", "{12EFA62D-10AE-46D0-8635-5081E459E70A}"
EndProject
Global
	GlobalSection(SolutionConfigurationPlatforms) = preSolution
		Debug|Any CPU = Debug|Any CPU
		Release|Any CPU = Release|Any CPU
	EndGlobalSection
	GlobalSection(ProjectConfigurationPlatforms) = postSolution
		{791E8E7E-355D-4314-AC16-B42EE6A8544C}.Debug|Any CPU.ActiveCfg = Debug|Any CPU
		{791E8E7E-355D-4314-AC16-B42EE6A8544C}.Debug|Any CPU.Build.0 = Debug|Any CPU
		{791E8E7E-355D-4314-AC16-B42EE6A8544C}.Release|Any CPU.ActiveCfg = Release|Any CPU
		{791E8E7E-355D-4314-AC16-B42EE6A8544C}.Release|Any CPU.Build.0 = Release|Any CPU
		{12EFA62D-10AE-46D0-8635-5081E459E70A}.Debug|Any CPU.ActiveCfg = Debug|Any CPU
		{12EFA62D-10AE-46D0-8635-5081E459E70A}.Debug|Any CPU.Build.0 = Debug|Any CPU
		{12EFA62D-10AE-46D0-8635-5081E459E70A}.Release|Any CPU.ActiveCfg = Release|Any CPU
		{12EFA62D-10AE-46D0-8635-5081E459E70A}.Release|Any CPU.Build.0 = Release|Any CPU
	EndGlobalSection
	GlobalSection(SolutionProperties) = preSolution
		HideSolutionNode = FALSE
	EndGlobalSection
EndGlobal
